
Microsoft Visual Studio Solution File, Format Version 12.00
# Visual Studio 15
VisualStudioVersion = 15.0.27703.2042
MinimumVisualStudioVersion = 10.0.40219.1
Project("{F184B08F-C81C-45F6-A57F-5ABD9991F28F}") = "Stacks", "Stacks\Stacks.vbproj", "{E64D6499-BC29-4B2F-931C-63CD9F87C176}"
EndProject
Global
	GlobalSection(SolutionConfigurationPlatforms) = preSolution
		Debug|Any CPU = Debug|Any CPU
		Release|Any CPU = Release|Any CPU
	EndGlobalSection
	GlobalSection(ProjectConfigurationPlatforms) = postSolution
		{E64D6499-BC29-4B2F-931C-63CD9F87C176}.Debug|Any CPU.ActiveCfg = Debug|Any CPU
		{E64D6499-BC29-4B2F-931C-63CD9F87C176}.Debug|Any CPU.Build.0 = Debug|Any CPU
		{E64D6499-BC29-4B2F-931C-63CD9F87C176}.Release|Any CPU.ActiveCfg = Release|Any CPU
		{E64D6499-BC29-4B2F-931C-63CD9F87C176}.Release|Any CPU.Build.0 = Release|Any CPU
	EndGlobalSection
	GlobalSection(SolutionProperties) = preSolution
		HideSolutionNode = FALSE
	EndGlobalSection
	GlobalSection(ExtensibilityGlobals) = postSolution
		SolutionGuid = {C35BA2F2-8690-4894-8805-B3CFDD33287B}
	EndGlobalSection
EndGlobal
