
Microsoft Visual Studio Solution File, Format Version 12.00
# Visual Studio 15
VisualStudioVersion = 15.0.27703.2042
MinimumVisualStudioVersion = 10.0.40219.1
Project("{F184B08F-C81C-45F6-A57F-5ABD9991F28F}") = "LibraryClass", "LibraryClass\LibraryClass.vbproj", "{E7648D56-7D4D-438C-B097-9624656B3189}"
EndProject
Global
	GlobalSection(SolutionConfigurationPlatforms) = preSolution
		Debug|Any CPU = Debug|Any CPU
		Release|Any CPU = Release|Any CPU
	EndGlobalSection
	GlobalSection(ProjectConfigurationPlatforms) = postSolution
		{E7648D56-7D4D-438C-B097-9624656B3189}.Debug|Any CPU.ActiveCfg = Debug|Any CPU
		{E7648D56-7D4D-438C-B097-9624656B3189}.Debug|Any CPU.Build.0 = Debug|Any CPU
		{E7648D56-7D4D-438C-B097-9624656B3189}.Release|Any CPU.ActiveCfg = Release|Any CPU
		{E7648D56-7D4D-438C-B097-9624656B3189}.Release|Any CPU.Build.0 = Release|Any CPU
	EndGlobalSection
	GlobalSection(SolutionProperties) = preSolution
		HideSolutionNode = FALSE
	EndGlobalSection
	GlobalSection(ExtensibilityGlobals) = postSolution
		SolutionGuid = {9A60C89A-E2E7-44D5-BAC4-4C3088B16C28}
	EndGlobalSection
EndGlobal
